
Microsoft Visual Studio Solution File, Format Version 12.00
# Visual Studio 15
VisualStudioVersion = 15.0.28010.2003
MinimumVisualStudioVersion = 10.0.40219.1
Project("{9A19103F-16F7-4668-BE54-9A1E7A4F7556}") = "JWT", "JWT\JWT.csproj", "{EF04978D-A67C-438A-AB47-AB1A77E1E431}"
EndProject
Project("{9A19103F-16F7-4668-BE54-9A1E7A4F7556}") = "MsgService", "MsgService\MsgService.csproj", "{EDEB7FC6-A1BA-4950-8618-E1281E5C70C7}"
EndProject
Project("{9A19103F-16F7-4668-BE54-9A1E7A4F7556}") = "ProductService", "ProductService\ProductService.csproj", "{E5F5B4E2-7783-40C5-9199-9681A9590279}"
EndProject
Project("{9A19103F-16F7-4668-BE54-9A1E7A4F7556}") = "UnitTest", "UnitTest\UnitTest.csproj", "{6B137868-F70D-4FBA-9E54-B3A7F7505DDD}"
EndProject
Project("{9A19103F-16F7-4668-BE54-9A1E7A4F7556}") = "RestTemplateCore", "RestTemplateCore\RestTemplateCore.csproj", "{A55FD2ED-959C-4E2C-82C5-24803EF108DA}"
EndProject
Project("{9A19103F-16F7-4668-BE54-9A1E7A4F7556}") = "Hystrix", "AaronHystrix\Hystrix.csproj", "{F0BAE628-2620-4BD4-B70A-3FF26E2D7415}"
EndProject
Project("{9A19103F-16F7-4668-BE54-9A1E7A4F7556}") = "OcelotTest", "OcelotTest\OcelotTest.csproj", "{456835E3-0147-4063-8225-ED64C120363A}"
EndProject
Project("{FAE04EC0-301F-11D3-BF4B-00C04F79EFBC}") = "ID4.IdServer", "ID4.IdServer\ID4.IdServer.csproj", "{D649EEBB-4FA2-4C97-88BB-05FAA9C5BE19}"
EndProject
Global
	GlobalSection(SolutionConfigurationPlatforms) = preSolution
		Debug|Any CPU = Debug|Any CPU
		Release|Any CPU = Release|Any CPU
	EndGlobalSection
	GlobalSection(ProjectConfigurationPlatforms) = postSolution
		{EF04978D-A67C-438A-AB47-AB1A77E1E431}.Debug|Any CPU.ActiveCfg = Debug|Any CPU
		{EF04978D-A67C-438A-AB47-AB1A77E1E431}.Debug|Any CPU.Build.0 = Debug|Any CPU
		{EF04978D-A67C-438A-AB47-AB1A77E1E431}.Release|Any CPU.ActiveCfg = Release|Any CPU
		{EF04978D-A67C-438A-AB47-AB1A77E1E431}.Release|Any CPU.Build.0 = Release|Any CPU
		{EDEB7FC6-A1BA-4950-8618-E1281E5C70C7}.Debug|Any CPU.ActiveCfg = Debug|Any CPU
		{EDEB7FC6-A1BA-4950-8618-E1281E5C70C7}.Debug|Any CPU.Build.0 = Debug|Any CPU
		{EDEB7FC6-A1BA-4950-8618-E1281E5C70C7}.Release|Any CPU.ActiveCfg = Release|Any CPU
		{EDEB7FC6-A1BA-4950-8618-E1281E5C70C7}.Release|Any CPU.Build.0 = Release|Any CPU
		{E5F5B4E2-7783-40C5-9199-9681A9590279}.Debug|Any CPU.ActiveCfg = Debug|Any CPU
		{E5F5B4E2-7783-40C5-9199-9681A9590279}.Debug|Any CPU.Build.0 = Debug|Any CPU
		{E5F5B4E2-7783-40C5-9199-9681A9590279}.Release|Any CPU.ActiveCfg = Release|Any CPU
		{E5F5B4E2-7783-40C5-9199-9681A9590279}.Release|Any CPU.Build.0 = Release|Any CPU
		{6B137868-F70D-4FBA-9E54-B3A7F7505DDD}.Debug|Any CPU.ActiveCfg = Debug|Any CPU
		{6B137868-F70D-4FBA-9E54-B3A7F7505DDD}.Debug|Any CPU.Build.0 = Debug|Any CPU
		{6B137868-F70D-4FBA-9E54-B3A7F7505DDD}.Release|Any CPU.ActiveCfg = Release|Any CPU
		{6B137868-F70D-4FBA-9E54-B3A7F7505DDD}.Release|Any CPU.Build.0 = Release|Any CPU
		{A55FD2ED-959C-4E2C-82C5-24803EF108DA}.Debug|Any CPU.ActiveCfg = Debug|Any CPU
		{A55FD2ED-959C-4E2C-82C5-24803EF108DA}.Debug|Any CPU.Build.0 = Debug|Any CPU
		{A55FD2ED-959C-4E2C-82C5-24803EF108DA}.Release|Any CPU.ActiveCfg = Release|Any CPU
		{A55FD2ED-959C-4E2C-82C5-24803EF108DA}.Release|Any CPU.Build.0 = Release|Any CPU
		{F0BAE628-2620-4BD4-B70A-3FF26E2D7415}.Debug|Any CPU.ActiveCfg = Debug|Any CPU
		{F0BAE628-2620-4BD4-B70A-3FF26E2D7415}.Debug|Any CPU.Build.0 = Debug|Any CPU
		{F0BAE628-2620-4BD4-B70A-3FF26E2D7415}.Release|Any CPU.ActiveCfg = Release|Any CPU
		{F0BAE628-2620-4BD4-B70A-3FF26E2D7415}.Release|Any CPU.Build.0 = Release|Any CPU
		{456835E3-0147-4063-8225-ED64C120363A}.Debug|Any CPU.ActiveCfg = Debug|Any CPU
		{456835E3-0147-4063-8225-ED64C120363A}.Debug|Any CPU.Build.0 = Debug|Any CPU
		{456835E3-0147-4063-8225-ED64C120363A}.Release|Any CPU.ActiveCfg = Release|Any CPU
		{456835E3-0147-4063-8225-ED64C120363A}.Release|Any CPU.Build.0 = Release|Any CPU
		{D649EEBB-4FA2-4C97-88BB-05FAA9C5BE19}.Debug|Any CPU.ActiveCfg = Debug|Any CPU
		{D649EEBB-4FA2-4C97-88BB-05FAA9C5BE19}.Debug|Any CPU.Build.0 = Debug|Any CPU
		{D649EEBB-4FA2-4C97-88BB-05FAA9C5BE19}.Release|Any CPU.ActiveCfg = Release|Any CPU
		{D649EEBB-4FA2-4C97-88BB-05FAA9C5BE19}.Release|Any CPU.Build.0 = Release|Any CPU
	EndGlobalSection
	GlobalSection(SolutionProperties) = preSolution
		HideSolutionNode = FALSE
	EndGlobalSection
	GlobalSection(ExtensibilityGlobals) = postSolution
		SolutionGuid = {A228A67E-FD2B-4D8B-9C8A-DDE72CB05A34}
	EndGlobalSection
EndGlobal
