
Microsoft Visual Studio Solution File, Format Version 12.00
# Visual Studio 15
VisualStudioVersion = 15.0.28010.2003
MinimumVisualStudioVersion = 10.0.40219.1
Project("{9A19103F-16F7-4668-BE54-9A1E7A4F7556}") = "JWT", "JWT\JWT.csproj", "{EF04978D-A67C-438A-AB47-AB1A77E1E431}"
EndProject
Project("{9A19103F-16F7-4668-BE54-9A1E7A4F7556}") = "UnitTest", "UnitTese\UnitTest.csproj", "{19CD8525-7A5D-430D-95F5-0778180EF816}"
EndProject
Project("{9A19103F-16F7-4668-BE54-9A1E7A4F7556}") = "MsgService", "MsgService\MsgService.csproj", "{EDEB7FC6-A1BA-4950-8618-E1281E5C70C7}"
EndProject
Project("{9A19103F-16F7-4668-BE54-9A1E7A4F7556}") = "ProductService", "ProductService\ProductService.csproj", "{E5F5B4E2-7783-40C5-9199-9681A9590279}"
EndProject
Project("{FAE04EC0-301F-11D3-BF4B-00C04F79EFBC}") = "ConsulTest", "ConsulTest\ConsulTest.csproj", "{3BC398DC-4229-473D-8897-2B3642E9ECE5}"
EndProject
Global
	GlobalSection(SolutionConfigurationPlatforms) = preSolution
		Debug|Any CPU = Debug|Any CPU
		Release|Any CPU = Release|Any CPU
	EndGlobalSection
	GlobalSection(ProjectConfigurationPlatforms) = postSolution
		{EF04978D-A67C-438A-AB47-AB1A77E1E431}.Debug|Any CPU.ActiveCfg = Debug|Any CPU
		{EF04978D-A67C-438A-AB47-AB1A77E1E431}.Debug|Any CPU.Build.0 = Debug|Any CPU
		{EF04978D-A67C-438A-AB47-AB1A77E1E431}.Release|Any CPU.ActiveCfg = Release|Any CPU
		{EF04978D-A67C-438A-AB47-AB1A77E1E431}.Release|Any CPU.Build.0 = Release|Any CPU
		{19CD8525-7A5D-430D-95F5-0778180EF816}.Debug|Any CPU.ActiveCfg = Debug|Any CPU
		{19CD8525-7A5D-430D-95F5-0778180EF816}.Debug|Any CPU.Build.0 = Debug|Any CPU
		{19CD8525-7A5D-430D-95F5-0778180EF816}.Release|Any CPU.ActiveCfg = Release|Any CPU
		{19CD8525-7A5D-430D-95F5-0778180EF816}.Release|Any CPU.Build.0 = Release|Any CPU
		{EDEB7FC6-A1BA-4950-8618-E1281E5C70C7}.Debug|Any CPU.ActiveCfg = Debug|Any CPU
		{EDEB7FC6-A1BA-4950-8618-E1281E5C70C7}.Debug|Any CPU.Build.0 = Debug|Any CPU
		{EDEB7FC6-A1BA-4950-8618-E1281E5C70C7}.Release|Any CPU.ActiveCfg = Release|Any CPU
		{EDEB7FC6-A1BA-4950-8618-E1281E5C70C7}.Release|Any CPU.Build.0 = Release|Any CPU
		{E5F5B4E2-7783-40C5-9199-9681A9590279}.Debug|Any CPU.ActiveCfg = Debug|Any CPU
		{E5F5B4E2-7783-40C5-9199-9681A9590279}.Debug|Any CPU.Build.0 = Debug|Any CPU
		{E5F5B4E2-7783-40C5-9199-9681A9590279}.Release|Any CPU.ActiveCfg = Release|Any CPU
		{E5F5B4E2-7783-40C5-9199-9681A9590279}.Release|Any CPU.Build.0 = Release|Any CPU
		{3BC398DC-4229-473D-8897-2B3642E9ECE5}.Debug|Any CPU.ActiveCfg = Debug|Any CPU
		{3BC398DC-4229-473D-8897-2B3642E9ECE5}.Debug|Any CPU.Build.0 = Debug|Any CPU
		{3BC398DC-4229-473D-8897-2B3642E9ECE5}.Release|Any CPU.ActiveCfg = Release|Any CPU
		{3BC398DC-4229-473D-8897-2B3642E9ECE5}.Release|Any CPU.Build.0 = Release|Any CPU
	EndGlobalSection
	GlobalSection(SolutionProperties) = preSolution
		HideSolutionNode = FALSE
	EndGlobalSection
	GlobalSection(ExtensibilityGlobals) = postSolution
		SolutionGuid = {A228A67E-FD2B-4D8B-9C8A-DDE72CB05A34}
	EndGlobalSection
EndGlobal
