
Microsoft Visual Studio Solution File, Format Version 12.00
# Visual Studio 15
VisualStudioVersion = 15.0.28010.2003
MinimumVisualStudioVersion = 10.0.40219.1
Project("{FAE04EC0-301F-11D3-BF4B-00C04F79EFBC}") = "SayLove", "SayLove\SayLove.csproj", "{460E5BFE-470E-435C-B9E9-4A54047ECEBA}"
EndProject
Global
	GlobalSection(SolutionConfigurationPlatforms) = preSolution
		Debug|Any CPU = Debug|Any CPU
		Release|Any CPU = Release|Any CPU
	EndGlobalSection
	GlobalSection(ProjectConfigurationPlatforms) = postSolution
		{460E5BFE-470E-435C-B9E9-4A54047ECEBA}.Debug|Any CPU.ActiveCfg = Debug|Any CPU
		{460E5BFE-470E-435C-B9E9-4A54047ECEBA}.Debug|Any CPU.Build.0 = Debug|Any CPU
		{460E5BFE-470E-435C-B9E9-4A54047ECEBA}.Release|Any CPU.ActiveCfg = Release|Any CPU
		{460E5BFE-470E-435C-B9E9-4A54047ECEBA}.Release|Any CPU.Build.0 = Release|Any CPU
	EndGlobalSection
	GlobalSection(SolutionProperties) = preSolution
		HideSolutionNode = FALSE
	EndGlobalSection
	GlobalSection(ExtensibilityGlobals) = postSolution
		SolutionGuid = {E73C3B04-56AA-4CDD-9CE0-2204BD3E27B5}
	EndGlobalSection
EndGlobal
