
Microsoft Visual Studio Solution File, Format Version 12.00
# Visual Studio 15
VisualStudioVersion = 15.0.27703.2035
MinimumVisualStudioVersion = 10.0.40219.1
Project("{FAE04EC0-301F-11D3-BF4B-00C04F79EFBC}") = "Serp.Quartz", "Serp.Quartz\Serp.Quartz.csproj", "{C9B74915-B959-4243-BA59-F6B031E80D51}"
EndProject
Project("{FAE04EC0-301F-11D3-BF4B-00C04F79EFBC}") = "Serp.TopShelf", "Serp.TopShelf\Serp.TopShelf.csproj", "{421F7B31-708D-4D96-94E7-75022A69C87D}"
EndProject
Global
	GlobalSection(SolutionConfigurationPlatforms) = preSolution
		Debug|Any CPU = Debug|Any CPU
		Release|Any CPU = Release|Any CPU
	EndGlobalSection
	GlobalSection(ProjectConfigurationPlatforms) = postSolution
		{C9B74915-B959-4243-BA59-F6B031E80D51}.Debug|Any CPU.ActiveCfg = Debug|Any CPU
		{C9B74915-B959-4243-BA59-F6B031E80D51}.Debug|Any CPU.Build.0 = Debug|Any CPU
		{C9B74915-B959-4243-BA59-F6B031E80D51}.Release|Any CPU.ActiveCfg = Release|Any CPU
		{C9B74915-B959-4243-BA59-F6B031E80D51}.Release|Any CPU.Build.0 = Release|Any CPU
		{421F7B31-708D-4D96-94E7-75022A69C87D}.Debug|Any CPU.ActiveCfg = Debug|Any CPU
		{421F7B31-708D-4D96-94E7-75022A69C87D}.Debug|Any CPU.Build.0 = Debug|Any CPU
		{421F7B31-708D-4D96-94E7-75022A69C87D}.Release|Any CPU.ActiveCfg = Release|Any CPU
		{421F7B31-708D-4D96-94E7-75022A69C87D}.Release|Any CPU.Build.0 = Release|Any CPU
	EndGlobalSection
	GlobalSection(SolutionProperties) = preSolution
		HideSolutionNode = FALSE
	EndGlobalSection
	GlobalSection(ExtensibilityGlobals) = postSolution
		SolutionGuid = {B42EEB81-9DE1-4DC8-A337-E85AA16A283C}
	EndGlobalSection
EndGlobal
