
Microsoft Visual Studio Solution File, Format Version 12.00
# Visual Studio 15
VisualStudioVersion = 15.0.27703.2035
MinimumVisualStudioVersion = 10.0.40219.1
Project("{FAE04EC0-301F-11D3-BF4B-00C04F79EFBC}") = "Serp.Quartz", "Serp.Quartz\Serp.Quartz.csproj", "{C9B74915-B959-4243-BA59-F6B031E80D51}"
EndProject
Project("{FAE04EC0-301F-11D3-BF4B-00C04F79EFBC}") = "TestJob", "TestJob\TestJob.csproj", "{8DC39254-6184-4F9D-9C79-21E4F6FD7C9E}"
EndProject
Global
	GlobalSection(SolutionConfigurationPlatforms) = preSolution
		Debug|Any CPU = Debug|Any CPU
		Release|Any CPU = Release|Any CPU
	EndGlobalSection
	GlobalSection(ProjectConfigurationPlatforms) = postSolution
		{C9B74915-B959-4243-BA59-F6B031E80D51}.Debug|Any CPU.ActiveCfg = Debug|Any CPU
		{C9B74915-B959-4243-BA59-F6B031E80D51}.Debug|Any CPU.Build.0 = Debug|Any CPU
		{C9B74915-B959-4243-BA59-F6B031E80D51}.Release|Any CPU.ActiveCfg = Release|Any CPU
		{C9B74915-B959-4243-BA59-F6B031E80D51}.Release|Any CPU.Build.0 = Release|Any CPU
		{8DC39254-6184-4F9D-9C79-21E4F6FD7C9E}.Debug|Any CPU.ActiveCfg = Debug|Any CPU
		{8DC39254-6184-4F9D-9C79-21E4F6FD7C9E}.Debug|Any CPU.Build.0 = Debug|Any CPU
		{8DC39254-6184-4F9D-9C79-21E4F6FD7C9E}.Release|Any CPU.ActiveCfg = Release|Any CPU
		{8DC39254-6184-4F9D-9C79-21E4F6FD7C9E}.Release|Any CPU.Build.0 = Release|Any CPU
	EndGlobalSection
	GlobalSection(SolutionProperties) = preSolution
		HideSolutionNode = FALSE
	EndGlobalSection
	GlobalSection(ExtensibilityGlobals) = postSolution
		SolutionGuid = {B42EEB81-9DE1-4DC8-A337-E85AA16A283C}
	EndGlobalSection
EndGlobal
