
Microsoft Visual Studio Solution File, Format Version 12.00
# Visual Studio 15
VisualStudioVersion = 15.0.28010.2003
MinimumVisualStudioVersion = 10.0.40219.1
Project("{FAE04EC0-301F-11D3-BF4B-00C04F79EFBC}") = "Aaron.OA", "Aaron.OA\Aaron.OA.csproj", "{418F2509-804B-4C28-B25B-B043F9262E60}"
EndProject
Global
	GlobalSection(SolutionConfigurationPlatforms) = preSolution
		Debug|Any CPU = Debug|Any CPU
		Release|Any CPU = Release|Any CPU
	EndGlobalSection
	GlobalSection(ProjectConfigurationPlatforms) = postSolution
		{418F2509-804B-4C28-B25B-B043F9262E60}.Debug|Any CPU.ActiveCfg = Debug|Any CPU
		{418F2509-804B-4C28-B25B-B043F9262E60}.Debug|Any CPU.Build.0 = Debug|Any CPU
		{418F2509-804B-4C28-B25B-B043F9262E60}.Release|Any CPU.ActiveCfg = Release|Any CPU
		{418F2509-804B-4C28-B25B-B043F9262E60}.Release|Any CPU.Build.0 = Release|Any CPU
	EndGlobalSection
	GlobalSection(SolutionProperties) = preSolution
		HideSolutionNode = FALSE
	EndGlobalSection
	GlobalSection(ExtensibilityGlobals) = postSolution
		SolutionGuid = {18AD8A4E-9985-48B5-B8D3-99A30691CAD9}
	EndGlobalSection
EndGlobal
