
Microsoft Visual Studio Solution File, Format Version 12.00
# Visual Studio 15
VisualStudioVersion = 15.0.28010.2003
MinimumVisualStudioVersion = 10.0.40219.1
Project("{FAE04EC0-301F-11D3-BF4B-00C04F79EFBC}") = "WebGridView", "WebGridView\WebGridView.csproj", "{6BB9018F-EB8C-436A-AED2-B32582BE6C45}"
EndProject
Global
	GlobalSection(SolutionConfigurationPlatforms) = preSolution
		Debug|Any CPU = Debug|Any CPU
		Release|Any CPU = Release|Any CPU
	EndGlobalSection
	GlobalSection(ProjectConfigurationPlatforms) = postSolution
		{6BB9018F-EB8C-436A-AED2-B32582BE6C45}.Debug|Any CPU.ActiveCfg = Debug|Any CPU
		{6BB9018F-EB8C-436A-AED2-B32582BE6C45}.Debug|Any CPU.Build.0 = Debug|Any CPU
		{6BB9018F-EB8C-436A-AED2-B32582BE6C45}.Release|Any CPU.ActiveCfg = Release|Any CPU
		{6BB9018F-EB8C-436A-AED2-B32582BE6C45}.Release|Any CPU.Build.0 = Release|Any CPU
	EndGlobalSection
	GlobalSection(SolutionProperties) = preSolution
		HideSolutionNode = FALSE
	EndGlobalSection
	GlobalSection(ExtensibilityGlobals) = postSolution
		SolutionGuid = {83ECCAEE-A5F1-4176-9981-F0EC4640411A}
	EndGlobalSection
EndGlobal
