
Microsoft Visual Studio Solution File, Format Version 12.00
# Visual Studio 15
VisualStudioVersion = 15.0.28010.2003
MinimumVisualStudioVersion = 10.0.40219.1
Project("{FAE04EC0-301F-11D3-BF4B-00C04F79EFBC}") = "AHKPrompt", "AHKPrompt\AHKPrompt.csproj", "{C367FCC9-0502-4D74-ACE2-D1D44054F9BF}"
EndProject
Project("{FAE04EC0-301F-11D3-BF4B-00C04F79EFBC}") = "ConsoleApp1", "ConsoleApp1\ConsoleApp1.csproj", "{E8430F5E-57BE-4F3A-BC7C-D8E4713BA221}"
EndProject
Global
	GlobalSection(SolutionConfigurationPlatforms) = preSolution
		Debug|Any CPU = Debug|Any CPU
		Release|Any CPU = Release|Any CPU
	EndGlobalSection
	GlobalSection(ProjectConfigurationPlatforms) = postSolution
		{C367FCC9-0502-4D74-ACE2-D1D44054F9BF}.Debug|Any CPU.ActiveCfg = Debug|Any CPU
		{C367FCC9-0502-4D74-ACE2-D1D44054F9BF}.Debug|Any CPU.Build.0 = Debug|Any CPU
		{C367FCC9-0502-4D74-ACE2-D1D44054F9BF}.Release|Any CPU.ActiveCfg = Release|Any CPU
		{C367FCC9-0502-4D74-ACE2-D1D44054F9BF}.Release|Any CPU.Build.0 = Release|Any CPU
		{E8430F5E-57BE-4F3A-BC7C-D8E4713BA221}.Debug|Any CPU.ActiveCfg = Debug|Any CPU
		{E8430F5E-57BE-4F3A-BC7C-D8E4713BA221}.Debug|Any CPU.Build.0 = Debug|Any CPU
		{E8430F5E-57BE-4F3A-BC7C-D8E4713BA221}.Release|Any CPU.ActiveCfg = Release|Any CPU
		{E8430F5E-57BE-4F3A-BC7C-D8E4713BA221}.Release|Any CPU.Build.0 = Release|Any CPU
	EndGlobalSection
	GlobalSection(SolutionProperties) = preSolution
		HideSolutionNode = FALSE
	EndGlobalSection
	GlobalSection(ExtensibilityGlobals) = postSolution
		SolutionGuid = {CC6E56E2-2623-4316-A298-50869EB2C895}
	EndGlobalSection
EndGlobal
