
Microsoft Visual Studio Solution File, Format Version 12.00
# Visual Studio 15
VisualStudioVersion = 15.0.28307.438
MinimumVisualStudioVersion = 10.0.40219.1
Project("{FAE04EC0-301F-11D3-BF4B-00C04F79EFBC}") = "Demo", "Demo\Demo.csproj", "{AD729133-15E5-4B83-9B1C-3727E55E8FBB}"
EndProject
Project("{FAE04EC0-301F-11D3-BF4B-00C04F79EFBC}") = "DAL", "DAL\DAL.csproj", "{0400FD98-0474-4E50-895F-F6B762B9F481}"
EndProject
Project("{FAE04EC0-301F-11D3-BF4B-00C04F79EFBC}") = "BLL", "BLL\BLL.csproj", "{B8A4FB0E-CACE-49CA-8A5B-81886CB4B3FF}"
EndProject
Project("{FAE04EC0-301F-11D3-BF4B-00C04F79EFBC}") = "Models", "Models\Models.csproj", "{DE7B81CB-358C-4844-A282-C051471D3B0A}"
EndProject
Project("{FAE04EC0-301F-11D3-BF4B-00C04F79EFBC}") = "Common", "Common\Common.csproj", "{DC2C7F65-56CF-472B-B830-6E735A7EAFE9}"
EndProject
Global
	GlobalSection(SolutionConfigurationPlatforms) = preSolution
		Debug|Any CPU = Debug|Any CPU
		Release|Any CPU = Release|Any CPU
	EndGlobalSection
	GlobalSection(ProjectConfigurationPlatforms) = postSolution
		{AD729133-15E5-4B83-9B1C-3727E55E8FBB}.Debug|Any CPU.ActiveCfg = Debug|Any CPU
		{AD729133-15E5-4B83-9B1C-3727E55E8FBB}.Debug|Any CPU.Build.0 = Debug|Any CPU
		{AD729133-15E5-4B83-9B1C-3727E55E8FBB}.Release|Any CPU.ActiveCfg = Release|Any CPU
		{AD729133-15E5-4B83-9B1C-3727E55E8FBB}.Release|Any CPU.Build.0 = Release|Any CPU
		{0400FD98-0474-4E50-895F-F6B762B9F481}.Debug|Any CPU.ActiveCfg = Debug|Any CPU
		{0400FD98-0474-4E50-895F-F6B762B9F481}.Debug|Any CPU.Build.0 = Debug|Any CPU
		{0400FD98-0474-4E50-895F-F6B762B9F481}.Release|Any CPU.ActiveCfg = Release|Any CPU
		{0400FD98-0474-4E50-895F-F6B762B9F481}.Release|Any CPU.Build.0 = Release|Any CPU
		{B8A4FB0E-CACE-49CA-8A5B-81886CB4B3FF}.Debug|Any CPU.ActiveCfg = Debug|Any CPU
		{B8A4FB0E-CACE-49CA-8A5B-81886CB4B3FF}.Debug|Any CPU.Build.0 = Debug|Any CPU
		{B8A4FB0E-CACE-49CA-8A5B-81886CB4B3FF}.Release|Any CPU.ActiveCfg = Release|Any CPU
		{B8A4FB0E-CACE-49CA-8A5B-81886CB4B3FF}.Release|Any CPU.Build.0 = Release|Any CPU
		{DE7B81CB-358C-4844-A282-C051471D3B0A}.Debug|Any CPU.ActiveCfg = Debug|Any CPU
		{DE7B81CB-358C-4844-A282-C051471D3B0A}.Debug|Any CPU.Build.0 = Debug|Any CPU
		{DE7B81CB-358C-4844-A282-C051471D3B0A}.Release|Any CPU.ActiveCfg = Release|Any CPU
		{DE7B81CB-358C-4844-A282-C051471D3B0A}.Release|Any CPU.Build.0 = Release|Any CPU
		{DC2C7F65-56CF-472B-B830-6E735A7EAFE9}.Debug|Any CPU.ActiveCfg = Debug|Any CPU
		{DC2C7F65-56CF-472B-B830-6E735A7EAFE9}.Debug|Any CPU.Build.0 = Debug|Any CPU
		{DC2C7F65-56CF-472B-B830-6E735A7EAFE9}.Release|Any CPU.ActiveCfg = Release|Any CPU
		{DC2C7F65-56CF-472B-B830-6E735A7EAFE9}.Release|Any CPU.Build.0 = Release|Any CPU
	EndGlobalSection
	GlobalSection(SolutionProperties) = preSolution
		HideSolutionNode = FALSE
	EndGlobalSection
	GlobalSection(ExtensibilityGlobals) = postSolution
		SolutionGuid = {8C29EA79-BE42-41A0-B6B1-C7B11A14AE8D}
	EndGlobalSection
EndGlobal
