
Microsoft Visual Studio Solution File, Format Version 12.00
# Visual Studio 15
VisualStudioVersion = 15.0.28010.2003
MinimumVisualStudioVersion = 10.0.40219.1
Project("{FAE04EC0-301F-11D3-BF4B-00C04F79EFBC}") = "CorePipleLine", "CorePipleLine\CorePipleLine.csproj", "{F7385BCE-588D-47F8-8DC5-FE02AC29D182}"
EndProject
Global
	GlobalSection(SolutionConfigurationPlatforms) = preSolution
		Debug|Any CPU = Debug|Any CPU
		Release|Any CPU = Release|Any CPU
	EndGlobalSection
	GlobalSection(ProjectConfigurationPlatforms) = postSolution
		{F7385BCE-588D-47F8-8DC5-FE02AC29D182}.Debug|Any CPU.ActiveCfg = Debug|Any CPU
		{F7385BCE-588D-47F8-8DC5-FE02AC29D182}.Debug|Any CPU.Build.0 = Debug|Any CPU
		{F7385BCE-588D-47F8-8DC5-FE02AC29D182}.Release|Any CPU.ActiveCfg = Release|Any CPU
		{F7385BCE-588D-47F8-8DC5-FE02AC29D182}.Release|Any CPU.Build.0 = Release|Any CPU
	EndGlobalSection
	GlobalSection(SolutionProperties) = preSolution
		HideSolutionNode = FALSE
	EndGlobalSection
	GlobalSection(ExtensibilityGlobals) = postSolution
		SolutionGuid = {4E25E761-3170-4D9E-9588-C43730BFF759}
	EndGlobalSection
EndGlobal
