
Microsoft Visual Studio Solution File, Format Version 12.00
# Visual Studio 15
VisualStudioVersion = 15.0.28010.2003
MinimumVisualStudioVersion = 10.0.40219.1
Project("{FAE04EC0-301F-11D3-BF4B-00C04F79EFBC}") = "EveryDayEveryBookSort", "EveryDayEveryBookSort\EveryDayEveryBookSort.csproj", "{D90EF7BB-D8A7-493D-A2AE-978B57CCB41C}"
EndProject
Project("{FAE04EC0-301F-11D3-BF4B-00C04F79EFBC}") = "Aaron.Common", "..\Aaron.Common\Aaron.Common\Aaron.Common.csproj", "{E69C1078-89C4-49D9-A64C-7BC8E9415A33}"
EndProject
Global
	GlobalSection(SolutionConfigurationPlatforms) = preSolution
		Debug|Any CPU = Debug|Any CPU
		Release|Any CPU = Release|Any CPU
	EndGlobalSection
	GlobalSection(ProjectConfigurationPlatforms) = postSolution
		{D90EF7BB-D8A7-493D-A2AE-978B57CCB41C}.Debug|Any CPU.ActiveCfg = Debug|Any CPU
		{D90EF7BB-D8A7-493D-A2AE-978B57CCB41C}.Debug|Any CPU.Build.0 = Debug|Any CPU
		{D90EF7BB-D8A7-493D-A2AE-978B57CCB41C}.Release|Any CPU.ActiveCfg = Release|Any CPU
		{D90EF7BB-D8A7-493D-A2AE-978B57CCB41C}.Release|Any CPU.Build.0 = Release|Any CPU
		{E69C1078-89C4-49D9-A64C-7BC8E9415A33}.Debug|Any CPU.ActiveCfg = Debug|Any CPU
		{E69C1078-89C4-49D9-A64C-7BC8E9415A33}.Debug|Any CPU.Build.0 = Debug|Any CPU
		{E69C1078-89C4-49D9-A64C-7BC8E9415A33}.Release|Any CPU.ActiveCfg = Release|Any CPU
		{E69C1078-89C4-49D9-A64C-7BC8E9415A33}.Release|Any CPU.Build.0 = Release|Any CPU
	EndGlobalSection
	GlobalSection(SolutionProperties) = preSolution
		HideSolutionNode = FALSE
	EndGlobalSection
	GlobalSection(ExtensibilityGlobals) = postSolution
		SolutionGuid = {DAC17C86-538C-4953-9FBC-45639EF21830}
	EndGlobalSection
EndGlobal
